
Microsoft Visual Studio Solution File, Format Version 12.00
# Visual Studio Version 16
VisualStudioVersion = 16.0.31624.102
MinimumVisualStudioVersion = 10.0.40219.1
Project("{9A19103F-16F7-4668-BE54-9A1E7A4F7556}") = "mIRC.Web", "mIRC.Web\mIRC.Web.csproj", "{366BFB95-3B9B-49DE-AC1F-8043D8E43689}"
EndProject
Project("{E53339B2-1760-4266-BCC7-CA923CBCF16C}") = "docker-compose", "docker-compose.dcproj", "{C46F0724-376B-45FF-B8AF-5A36443261DA}"
EndProject
Project("{FAE04EC0-301F-11D3-BF4B-00C04F79EFBC}") = "mIRC.Db", "mIRC.Db\mIRC.Db.csproj", "{E5507FB4-8682-4674-AB56-E2ED8FB04206}"
EndProject
Project("{FAE04EC0-301F-11D3-BF4B-00C04F79EFBC}") = "mIRC.Core", "mIRC.Core\mIRC.Core.csproj", "{5D170CE3-D2A7-477E-9E57-954CCFD174DE}"
EndProject
Global
	GlobalSection(SolutionConfigurationPlatforms) = preSolution
		Debug|Any CPU = Debug|Any CPU
		Release|Any CPU = Release|Any CPU
	EndGlobalSection
	GlobalSection(ProjectConfigurationPlatforms) = postSolution
		{366BFB95-3B9B-49DE-AC1F-8043D8E43689}.Debug|Any CPU.ActiveCfg = Debug|Any CPU
		{366BFB95-3B9B-49DE-AC1F-8043D8E43689}.Debug|Any CPU.Build.0 = Debug|Any CPU
		{366BFB95-3B9B-49DE-AC1F-8043D8E43689}.Release|Any CPU.ActiveCfg = Release|Any CPU
		{366BFB95-3B9B-49DE-AC1F-8043D8E43689}.Release|Any CPU.Build.0 = Release|Any CPU
		{C46F0724-376B-45FF-B8AF-5A36443261DA}.Debug|Any CPU.ActiveCfg = Debug|Any CPU
		{C46F0724-376B-45FF-B8AF-5A36443261DA}.Debug|Any CPU.Build.0 = Debug|Any CPU
		{C46F0724-376B-45FF-B8AF-5A36443261DA}.Release|Any CPU.ActiveCfg = Release|Any CPU
		{C46F0724-376B-45FF-B8AF-5A36443261DA}.Release|Any CPU.Build.0 = Release|Any CPU
		{E5507FB4-8682-4674-AB56-E2ED8FB04206}.Debug|Any CPU.ActiveCfg = Debug|Any CPU
		{E5507FB4-8682-4674-AB56-E2ED8FB04206}.Debug|Any CPU.Build.0 = Debug|Any CPU
		{E5507FB4-8682-4674-AB56-E2ED8FB04206}.Release|Any CPU.ActiveCfg = Release|Any CPU
		{E5507FB4-8682-4674-AB56-E2ED8FB04206}.Release|Any CPU.Build.0 = Release|Any CPU
		{5D170CE3-D2A7-477E-9E57-954CCFD174DE}.Debug|Any CPU.ActiveCfg = Debug|Any CPU
		{5D170CE3-D2A7-477E-9E57-954CCFD174DE}.Debug|Any CPU.Build.0 = Debug|Any CPU
		{5D170CE3-D2A7-477E-9E57-954CCFD174DE}.Release|Any CPU.ActiveCfg = Release|Any CPU
		{5D170CE3-D2A7-477E-9E57-954CCFD174DE}.Release|Any CPU.Build.0 = Release|Any CPU
	EndGlobalSection
	GlobalSection(SolutionProperties) = preSolution
		HideSolutionNode = FALSE
	EndGlobalSection
	GlobalSection(ExtensibilityGlobals) = postSolution
		SolutionGuid = {C5713E0F-76D3-4112-B987-F945D77B45FE}
	EndGlobalSection
EndGlobal
